// !$*UTF8*$!
{
	archiveVersion = 1;
	classes = {
	};
	objectVersion = 77;
	objects = {

/* Begin PBXBuildFile section */
		07906B652E723CE300F865B6 /* WidgetKit.framework in Frameworks */ = {isa = PBXBuildFile; fileRef = 07906B642E723CE300F865B6 /* WidgetKit.framework */; };
		07906B672E723CE300F865B6 /* SwiftUI.framework in Frameworks */ = {isa = PBXBuildFile; fileRef = 07906B662E723CE300F865B6 /* SwiftUI.framework */; };
		07906B782E723CE500F865B6 /* SkrblaWidgetExtension.appex in Embed Foundation Extensions */ = {isa = PBXBuildFile; fileRef = 07906B622E723CE300F865B6 /* SkrblaWidgetExtension.appex */; settings = {ATTRIBUTES = (RemoveHeadersOnCopy, ); }; };
/* End PBXBuildFile section */

/* Begin PBXContainerItemProxy section */
		071DF5572E5D9D0E00927A7B /* PBXContainerItemProxy */ = {
			isa = PBXContainerItemProxy;
			containerPortal = 071DF5412E5D9D0D00927A7B /* Project object */;
			proxyType = 1;
			remoteGlobalIDString = 071DF5482E5D9D0D00927A7B;
			remoteInfo = Skrbla;
		};
		071DF5612E5D9D0E00927A7B /* PBXContainerItemProxy */ = {
			isa = PBXContainerItemProxy;
			containerPortal = 071DF5412E5D9D0D00927A7B /* Project object */;
			proxyType = 1;
			remoteGlobalIDString = 071DF5482E5D9D0D00927A7B;
			remoteInfo = Skrbla;
		};
		07906B762E723CE500F865B6 /* PBXContainerItemProxy */ = {
			isa = PBXContainerItemProxy;
			containerPortal = 071DF5412E5D9D0D00927A7B /* Project object */;
			proxyType = 1;
			remoteGlobalIDString = 07906B612E723CE300F865B6;
			remoteInfo = SkrblaWidgetExtension;
		};
/* End PBXContainerItemProxy section */

/* Begin PBXCopyFilesBuildPhase section */
		07906B7D2E723CE500F865B6 /* Embed Foundation Extensions */ = {
			isa = PBXCopyFilesBuildPhase;
			buildActionMask = 2147483647;
			dstPath = "";
			dstSubfolderSpec = 13;
			files = (
				07906B782E723CE500F865B6 /* SkrblaWidgetExtension.appex in Embed Foundation Extensions */,
			);
			name = "Embed Foundation Extensions";
			runOnlyForDeploymentPostprocessing = 0;
		};
/* End PBXCopyFilesBuildPhase section */

/* Begin PBXFileReference section */
		071DF5492E5D9D0D00927A7B /* Skrbla.app */ = {isa = PBXFileReference; explicitFileType = wrapper.application; includeInIndex = 0; path = Skrbla.app; sourceTree = BUILT_PRODUCTS_DIR; };
		071DF5562E5D9D0E00927A7B /* SkrblaTests.xctest */ = {isa = PBXFileReference; explicitFileType = wrapper.cfbundle; includeInIndex = 0; path = SkrblaTests.xctest; sourceTree = BUILT_PRODUCTS_DIR; };
		071DF5602E5D9D0E00927A7B /* SkrblaUITests.xctest */ = {isa = PBXFileReference; explicitFileType = wrapper.cfbundle; includeInIndex = 0; path = SkrblaUITests.xctest; sourceTree = BUILT_PRODUCTS_DIR; };
		07906B622E723CE300F865B6 /* SkrblaWidgetExtension.appex */ = {isa = PBXFileReference; explicitFileType = "wrapper.app-extension"; includeInIndex = 0; path = SkrblaWidgetExtension.appex; sourceTree = BUILT_PRODUCTS_DIR; };
		07906B642E723CE300F865B6 /* WidgetKit.framework */ = {isa = PBXFileReference; lastKnownFileType = wrapper.framework; name = WidgetKit.framework; path = System/Library/Frameworks/WidgetKit.framework; sourceTree = SDKROOT; };
		07906B662E723CE300F865B6 /* SwiftUI.framework */ = {isa = PBXFileReference; lastKnownFileType = wrapper.framework; name = SwiftUI.framework; path = System/Library/Frameworks/SwiftUI.framework; sourceTree = SDKROOT; };
/* End PBXFileReference section */

/* Begin PBXFileSystemSynchronizedBuildFileExceptionSet section */
		073225D42E7831E20092FA89 /* Exceptions for "Skrbla" folder in "SkrblaWidgetExtension" target */ = {
			isa = PBXFileSystemSynchronizedBuildFileExceptionSet;
			membershipExceptions = (
				Auth/LoginView.swift,
				LiveActivityManager.swift,
			);
			target = 07906B612E723CE300F865B6 /* SkrblaWidgetExtension */;
		};
		079069F92E722A5000F865B6 /* Exceptions for "Skrbla" folder in "Skrbla" target */ = {
			isa = PBXFileSystemSynchronizedBuildFileExceptionSet;
			membershipExceptions = (
				Info.plist,
			);
			target = 071DF5482E5D9D0D00927A7B /* Skrbla */;
		};
		07906B7C2E723CE500F865B6 /* Exceptions for "SkrblaWidget" folder in "SkrblaWidgetExtension" target */ = {
			isa = PBXFileSystemSynchronizedBuildFileExceptionSet;
			membershipExceptions = (
				Info.plist,
			);
			target = 07906B612E723CE300F865B6 /* SkrblaWidgetExtension */;
		};
/* End PBXFileSystemSynchronizedBuildFileExceptionSet section */

/* Begin PBXFileSystemSynchronizedRootGroup section */
		071DF54B2E5D9D0D00927A7B /* Skrbla */ = {
			isa = PBXFileSystemSynchronizedRootGroup;
			exceptions = (
				079069F92E722A5000F865B6 /* Exceptions for "Skrbla" folder in "Skrbla" target */,
				073225D42E7831E20092FA89 /* Exceptions for "Skrbla" folder in "SkrblaWidgetExtension" target */,
			);
			path = Skrbla;
			sourceTree = "<group>";
		};
		071DF5592E5D9D0E00927A7B /* SkrblaTests */ = {
			isa = PBXFileSystemSynchronizedRootGroup;
			path = SkrblaTests;
			sourceTree = "<group>";
		};
		071DF5632E5D9D0E00927A7B /* SkrblaUITests */ = {
			isa = PBXFileSystemSynchronizedRootGroup;
			path = SkrblaUITests;
			sourceTree = "<group>";
		};
		07906B682E723CE300F865B6 /* SkrblaWidget */ = {
			isa = PBXFileSystemSynchronizedRootGroup;
			exceptions = (
				07906B7C2E723CE500F865B6 /* Exceptions for "SkrblaWidget" folder in "SkrblaWidgetExtension" target */,
			);
			path = SkrblaWidget;
			sourceTree = "<group>";
		};
/* End PBXFileSystemSynchronizedRootGroup section */

/* Begin PBXFrameworksBuildPhase section */
		071DF5462E5D9D0D00927A7B /* Frameworks */ = {
			isa = PBXFrameworksBuildPhase;
			buildActionMask = 2147483647;
			files = (
			);
			runOnlyForDeploymentPostprocessing = 0;
		};
		071DF5532E5D9D0E00927A7B /* Frameworks */ = {
			isa = PBXFrameworksBuildPhase;
			buildActionMask = 2147483647;
			files = (
			);
			runOnlyForDeploymentPostprocessing = 0;
		};
		071DF55D2E5D9D0E00927A7B /* Frameworks */ = {
			isa = PBXFrameworksBuildPhase;
			buildActionMask = 2147483647;
			files = (
			);
			runOnlyForDeploymentPostprocessing = 0;
		};
		07906B5F2E723CE300F865B6 /* Frameworks */ = {
			isa = PBXFrameworksBuildPhase;
			buildActionMask = 2147483647;
			files = (
				07906B672E723CE300F865B6 /* SwiftUI.framework in Frameworks */,
				07906B652E723CE300F865B6 /* WidgetKit.framework in Frameworks */,
			);
			runOnlyForDeploymentPostprocessing = 0;
		};
/* End PBXFrameworksBuildPhase section */

/* Begin PBXGroup section */
		071DF5402E5D9D0D00927A7B = {
			isa = PBXGroup;
			children = (
				071DF54B2E5D9D0D00927A7B /* Skrbla */,
				071DF5592E5D9D0E00927A7B /* SkrblaTests */,
				071DF5632E5D9D0E00927A7B /* SkrblaUITests */,
				07906B682E723CE300F865B6 /* SkrblaWidget */,
				07906B632E723CE300F865B6 /* Frameworks */,
				071DF54A2E5D9D0D00927A7B /* Products */,
			);
			sourceTree = "<group>";
		};
		071DF54A2E5D9D0D00927A7B /* Products */ = {
			isa = PBXGroup;
			children = (
				071DF5492E5D9D0D00927A7B /* Skrbla.app */,
				071DF5562E5D9D0E00927A7B /* SkrblaTests.xctest */,
				071DF5602E5D9D0E00927A7B /* SkrblaUITests.xctest */,
				07906B622E723CE300F865B6 /* SkrblaWidgetExtension.appex */,
			);
			name = Products;
			sourceTree = "<group>";
		};
		07906B632E723CE300F865B6 /* Frameworks */ = {
			isa = PBXGroup;
			children = (
				07906B642E723CE300F865B6 /* WidgetKit.framework */,
				07906B662E723CE300F865B6 /* SwiftUI.framework */,
			);
			name = Frameworks;
			sourceTree = "<group>";
		};
/* End PBXGroup section */

/* Begin PBXNativeTarget section */
		071DF5482E5D9D0D00927A7B /* Skrbla */ = {
			isa = PBXNativeTarget;
			buildConfigurationList = 071DF56A2E5D9D0E00927A7B /* Build configuration list for PBXNativeTarget "Skrbla" */;
			buildPhases = (
				071DF5452E5D9D0D00927A7B /* Sources */,
				071DF5462E5D9D0D00927A7B /* Frameworks */,
				071DF5472E5D9D0D00927A7B /* Resources */,
				07906B7D2E723CE500F865B6 /* Embed Foundation Extensions */,
			);
			buildRules = (
			);
			dependencies = (
				07906B772E723CE500F865B6 /* PBXTargetDependency */,
			);
			fileSystemSynchronizedGroups = (
				071DF54B2E5D9D0D00927A7B /* Skrbla */,
			);
			name = Skrbla;
			packageProductDependencies = (
			);
			productName = Skrbla;
			productReference = 071DF5492E5D9D0D00927A7B /* Skrbla.app */;
			productType = "com.apple.product-type.application";
		};
		071DF5552E5D9D0E00927A7B /* SkrblaTests */ = {
			isa = PBXNativeTarget;
			buildConfigurationList = 071DF56D2E5D9D0E00927A7B /* Build configuration list for PBXNativeTarget "SkrblaTests" */;
			buildPhases = (
				071DF5522E5D9D0E00927A7B /* Sources */,
				071DF5532E5D9D0E00927A7B /* Frameworks */,
				071DF5542E5D9D0E00927A7B /* Resources */,
			);
			buildRules = (
			);
			dependencies = (
				071DF5582E5D9D0E00927A7B /* PBXTargetDependency */,
			);
			fileSystemSynchronizedGroups = (
				071DF5592E5D9D0E00927A7B /* SkrblaTests */,
			);
			name = SkrblaTests;
			packageProductDependencies = (
			);
			productName = SkrblaTests;
			productReference = 071DF5562E5D9D0E00927A7B /* SkrblaTests.xctest */;
			productType = "com.apple.product-type.bundle.unit-test";
		};
		071DF55F2E5D9D0E00927A7B /* SkrblaUITests */ = {
			isa = PBXNativeTarget;
			buildConfigurationList = 071DF5702E5D9D0E00927A7B /* Build configuration list for PBXNativeTarget "SkrblaUITests" */;
			buildPhases = (
				071DF55C2E5D9D0E00927A7B /* Sources */,
				071DF55D2E5D9D0E00927A7B /* Frameworks */,
				071DF55E2E5D9D0E00927A7B /* Resources */,
			);
			buildRules = (
			);
			dependencies = (
				071DF5622E5D9D0E00927A7B /* PBXTargetDependency */,
			);
			fileSystemSynchronizedGroups = (
				071DF5632E5D9D0E00927A7B /* SkrblaUITests */,
			);
			name = SkrblaUITests;
			packageProductDependencies = (
			);
			productName = SkrblaUITests;
			productReference = 071DF5602E5D9D0E00927A7B /* SkrblaUITests.xctest */;
			productType = "com.apple.product-type.bundle.ui-testing";
		};
		07906B612E723CE300F865B6 /* SkrblaWidgetExtension */ = {
			isa = PBXNativeTarget;
			buildConfigurationList = 07906B792E723CE500F865B6 /* Build configuration list for PBXNativeTarget "SkrblaWidgetExtension" */;
			buildPhases = (
				07906B5E2E723CE300F865B6 /* Sources */,
				07906B5F2E723CE300F865B6 /* Frameworks */,
				07906B602E723CE300F865B6 /* Resources */,
			);
			buildRules = (
			);
			dependencies = (
			);
			fileSystemSynchronizedGroups = (
				07906B682E723CE300F865B6 /* SkrblaWidget */,
			);
			name = SkrblaWidgetExtension;
			packageProductDependencies = (
			);
			productName = SkrblaWidgetExtension;
			productReference = 07906B622E723CE300F865B6 /* SkrblaWidgetExtension.appex */;
			productType = "com.apple.product-type.app-extension";
		};
/* End PBXNativeTarget section */

/* Begin PBXProject section */
		071DF5412E5D9D0D00927A7B /* Project object */ = {
			isa = PBXProject;
			attributes = {
				BuildIndependentTargetsInParallel = 1;
				LastSwiftUpdateCheck = 1640;
				LastUpgradeCheck = 1640;
				TargetAttributes = {
					071DF5482E5D9D0D00927A7B = {
						CreatedOnToolsVersion = 16.4;
					};
					071DF5552E5D9D0E00927A7B = {
						CreatedOnToolsVersion = 16.4;
						TestTargetID = 071DF5482E5D9D0D00927A7B;
					};
					071DF55F2E5D9D0E00927A7B = {
						CreatedOnToolsVersion = 16.4;
						TestTargetID = 071DF5482E5D9D0D00927A7B;
					};
					07906B612E723CE300F865B6 = {
						CreatedOnToolsVersion = 16.4;
					};
				};
			};
			buildConfigurationList = 071DF5442E5D9D0D00927A7B /* Build configuration list for PBXProject "Skrbla" */;
			developmentRegion = en;
			hasScannedForEncodings = 0;
			knownRegions = (
				en,
				Base,
			);
			mainGroup = 071DF5402E5D9D0D00927A7B;
			minimizedProjectReferenceProxies = 1;
			preferredProjectObjectVersion = 77;
			productRefGroup = 071DF54A2E5D9D0D00927A7B /* Products */;
			projectDirPath = "";
			projectRoot = "";
			targets = (
				071DF5482E5D9D0D00927A7B /* Skrbla */,
				071DF5552E5D9D0E00927A7B /* SkrblaTests */,
				071DF55F2E5D9D0E00927A7B /* SkrblaUITests */,
				07906B612E723CE300F865B6 /* SkrblaWidgetExtension */,
			);
		};
/* End PBXProject section */

/* Begin PBXResourcesBuildPhase section */
		071DF5472E5D9D0D00927A7B /* Resources */ = {
			isa = PBXResourcesBuildPhase;
			buildActionMask = 2147483647;
			files = (
			);
			runOnlyForDeploymentPostprocessing = 0;
		};
		071DF5542E5D9D0E00927A7B /* Resources */ = {
			isa = PBXResourcesBuildPhase;
			buildActionMask = 2147483647;
			files = (
			);
			runOnlyForDeploymentPostprocessing = 0;
		};
		071DF55E2E5D9D0E00927A7B /* Resources */ = {
			isa = PBXResourcesBuildPhase;
			buildActionMask = 2147483647;
			files = (
			);
			runOnlyForDeploymentPostprocessing = 0;
		};
		07906B602E723CE300F865B6 /* Resources */ = {
			isa = PBXResourcesBuildPhase;
			buildActionMask = 2147483647;
			files = (
			);
			runOnlyForDeploymentPostprocessing = 0;
		};
/* End PBXResourcesBuildPhase section */

/* Begin PBXSourcesBuildPhase section */
		071DF5452E5D9D0D00927A7B /* Sources */ = {
			isa = PBXSourcesBuildPhase;
			buildActionMask = 2147483647;
			files = (
			);
			runOnlyForDeploymentPostprocessing = 0;
		};
		071DF5522E5D9D0E00927A7B /* Sources */ = {
			isa = PBXSourcesBuildPhase;
			buildActionMask = 2147483647;
			files = (
			);
			runOnlyForDeploymentPostprocessing = 0;
		};
		071DF55C2E5D9D0E00927A7B /* Sources */ = {
			isa = PBXSourcesBuildPhase;
			buildActionMask = 2147483647;
			files = (
			);
			runOnlyForDeploymentPostprocessing = 0;
		};
		07906B5E2E723CE300F865B6 /* Sources */ = {
			isa = PBXSourcesBuildPhase;
			buildActionMask = 2147483647;
			files = (
			);
			runOnlyForDeploymentPostprocessing = 0;
		};
/* End PBXSourcesBuildPhase section */

/* Begin PBXTargetDependency section */
		071DF5582E5D9D0E00927A7B /* PBXTargetDependency */ = {
			isa = PBXTargetDependency;
			target = 071DF5482E5D9D0D00927A7B /* Skrbla */;
			targetProxy = 071DF5572E5D9D0E00927A7B /* PBXContainerItemProxy */;
		};
		071DF5622E5D9D0E00927A7B /* PBXTargetDependency */ = {
			isa = PBXTargetDependency;
			target = 071DF5482E5D9D0D00927A7B /* Skrbla */;
			targetProxy = 071DF5612E5D9D0E00927A7B /* PBXContainerItemProxy */;
		};
		07906B772E723CE500F865B6 /* PBXTargetDependency */ = {
			isa = PBXTargetDependency;
			target = 07906B612E723CE300F865B6 /* SkrblaWidgetExtension */;
			targetProxy = 07906B762E723CE500F865B6 /* PBXContainerItemProxy */;
		};
/* End PBXTargetDependency section */

/* Begin XCBuildConfiguration section */
		071DF5682E5D9D0E00927A7B /* Debug */ = {
			isa = XCBuildConfiguration;
			buildSettings = {
				ALWAYS_SEARCH_USER_PATHS = NO;
				ASSETCATALOG_COMPILER_GENERATE_SWIFT_ASSET_SYMBOL_EXTENSIONS = YES;
				CLANG_ANALYZER_NONNULL = YES;
				CLANG_ANALYZER_NUMBER_OBJECT_CONVERSION = YES_AGGRESSIVE;
				CLANG_CXX_LANGUAGE_STANDARD = "gnu++20";
				CLANG_ENABLE_MODULES = YES;
				CLANG_ENABLE_OBJC_ARC = YES;
				CLANG_ENABLE_OBJC_WEAK = YES;
				CLANG_WARN_BLOCK_CAPTURE_AUTORELEASING = YES;
				CLANG_WARN_BOOL_CONVERSION = YES;
				CLANG_WARN_COMMA = YES;
				CLANG_WARN_CONSTANT_CONVERSION = YES;
				CLANG_WARN_DEPRECATED_OBJC_IMPLEMENTATIONS = YES;
				CLANG_WARN_DIRECT_OBJC_ISA_USAGE = YES_ERROR;
				CLANG_WARN_DOCUMENTATION_COMMENTS = YES;
				CLANG_WARN_EMPTY_BODY = YES;
				CLANG_WARN_ENUM_CONVERSION = YES;
				CLANG_WARN_INFINITE_RECURSION = YES;
				CLANG_WARN_INT_CONVERSION = YES;
				CLANG_WARN_NON_LITERAL_NULL_CONVERSION = YES;
				CLANG_WARN_OBJC_IMPLICIT_RETAIN_SELF = YES;
				CLANG_WARN_OBJC_LITERAL_CONVERSION = YES;
				CLANG_WARN_OBJC_ROOT_CLASS = YES_ERROR;
				CLANG_WARN_QUOTED_INCLUDE_IN_FRAMEWORK_HEADER = YES;
				CLANG_WARN_RANGE_LOOP_ANALYSIS = YES;
				CLANG_WARN_STRICT_PROTOTYPES = YES;
				CLANG_WARN_SUSPICIOUS_MOVE = YES;
				CLANG_WARN_UNGUARDED_AVAILABILITY = YES_AGGRESSIVE;
				CLANG_WARN_UNREACHABLE_CODE = YES;
				CLANG_WARN__DUPLICATE_METHOD_MATCH = YES;
				COPY_PHASE_STRIP = NO;
				DEBUG_INFORMATION_FORMAT = dwarf;
				DEVELOPMENT_TEAM = W6R3HZD7R4;
				ENABLE_STRICT_OBJC_MSGSEND = YES;
				ENABLE_TESTABILITY = YES;
				ENABLE_USER_SCRIPT_SANDBOXING = YES;
				GCC_C_LANGUAGE_STANDARD = gnu17;
				GCC_DYNAMIC_NO_PIC = NO;
				GCC_NO_COMMON_BLOCKS = YES;
				GCC_OPTIMIZATION_LEVEL = 0;
				GCC_PREPROCESSOR_DEFINITIONS = (
					"DEBUG=1",
					"$(inherited)",
				);
				GCC_WARN_64_TO_32_BIT_CONVERSION = YES;
				GCC_WARN_ABOUT_RETURN_TYPE = YES_ERROR;
				GCC_WARN_UNDECLARED_SELECTOR = YES;
				GCC_WARN_UNINITIALIZED_AUTOS = YES_AGGRESSIVE;
				GCC_WARN_UNUSED_FUNCTION = YES;
				GCC_WARN_UNUSED_VARIABLE = YES;
				IPHONEOS_DEPLOYMENT_TARGET = 18.5;
				LOCALIZATION_PREFERS_STRING_CATALOGS = YES;
				MTL_ENABLE_DEBUG_INFO = INCLUDE_SOURCE;
				MTL_FAST_MATH = YES;
				ONLY_ACTIVE_ARCH = YES;
				SDKROOT = iphoneos;
				SWIFT_ACTIVE_COMPILATION_CONDITIONS = "DEBUG $(inherited)";
				SWIFT_OPTIMIZATION_LEVEL = "-Onone";
			};
			name = Debug;
		};
		071DF5692E5D9D0E00927A7B /* Release */ = {
			isa = XCBuildConfiguration;
			buildSettings = {
				ALWAYS_SEARCH_USER_PATHS = NO;
				ASSETCATALOG_COMPILER_GENERATE_SWIFT_ASSET_SYMBOL_EXTENSIONS = YES;
				CLANG_ANALYZER_NONNULL = YES;
				CLANG_ANALYZER_NUMBER_OBJECT_CONVERSION = YES_AGGRESSIVE;
				CLANG_CXX_LANGUAGE_STANDARD = "gnu++20";
				CLANG_ENABLE_MODULES = YES;
				CLANG_ENABLE_OBJC_ARC = YES;
				CLANG_ENABLE_OBJC_WEAK = YES;
				CLANG_WARN_BLOCK_CAPTURE_AUTORELEASING = YES;
				CLANG_WARN_BOOL_CONVERSION = YES;
				CLANG_WARN_COMMA = YES;
				CLANG_WARN_CONSTANT_CONVERSION = YES;
				CLANG_WARN_DEPRECATED_OBJC_IMPLEMENTATIONS = YES;
				CLANG_WARN_DIRECT_OBJC_ISA_USAGE = YES_ERROR;
				CLANG_WARN_DOCUMENTATION_COMMENTS = YES;
				CLANG_WARN_EMPTY_BODY = YES;
				CLANG_WARN_ENUM_CONVERSION = YES;
				CLANG_WARN_INFINITE_RECURSION = YES;
				CLANG_WARN_INT_CONVERSION = YES;
				CLANG_WARN_NON_LITERAL_NULL_CONVERSION = YES;
				CLANG_WARN_OBJC_IMPLICIT_RETAIN_SELF = YES;
				CLANG_WARN_OBJC_LITERAL_CONVERSION = YES;
				CLANG_WARN_OBJC_ROOT_CLASS = YES_ERROR;
				CLANG_WARN_QUOTED_INCLUDE_IN_FRAMEWORK_HEADER = YES;
				CLANG_WARN_RANGE_LOOP_ANALYSIS = YES;
				CLANG_WARN_STRICT_PROTOTYPES = YES;
				CLANG_WARN_SUSPICIOUS_MOVE = YES;
				CLANG_WARN_UNGUARDED_AVAILABILITY = YES_AGGRESSIVE;
				CLANG_WARN_UNREACHABLE_CODE = YES;
				CLANG_WARN__DUPLICATE_METHOD_MATCH = YES;
				COPY_PHASE_STRIP = NO;
				DEBUG_INFORMATION_FORMAT = "dwarf-with-dsym";
				DEVELOPMENT_TEAM = W6R3HZD7R4;
				ENABLE_NS_ASSERTIONS = NO;
				ENABLE_STRICT_OBJC_MSGSEND = YES;
				ENABLE_USER_SCRIPT_SANDBOXING = YES;
				GCC_C_LANGUAGE_STANDARD = gnu17;
				GCC_NO_COMMON_BLOCKS = YES;
				GCC_WARN_64_TO_32_BIT_CONVERSION = YES;
				GCC_WARN_ABOUT_RETURN_TYPE = YES_ERROR;
				GCC_WARN_UNDECLARED_SELECTOR = YES;
				GCC_WARN_UNINITIALIZED_AUTOS = YES_AGGRESSIVE;
				GCC_WARN_UNUSED_FUNCTION = YES;
				GCC_WARN_UNUSED_VARIABLE = YES;
				IPHONEOS_DEPLOYMENT_TARGET = 18.5;
				LOCALIZATION_PREFERS_STRING_CATALOGS = YES;
				MTL_ENABLE_DEBUG_INFO = NO;
				MTL_FAST_MATH = YES;
				SDKROOT = iphoneos;
				SWIFT_COMPILATION_MODE = wholemodule;
				VALIDATE_PRODUCT = YES;
			};
			name = Release;
		};
		071DF56B2E5D9D0E00927A7B /* Debug */ = {
			isa = XCBuildConfiguration;
			buildSettings = {
				ASSETCATALOG_COMPILER_APPICON_NAME = AppIcon;
				ASSETCATALOG_COMPILER_GLOBAL_ACCENT_COLOR_NAME = AccentColor;
				CODE_SIGN_IDENTITY = "Apple Development";
				CODE_SIGN_STYLE = Automatic;
				CURRENT_PROJECT_VERSION = 1;
				DEVELOPMENT_TEAM = W6R3HZD7R4;
				ENABLE_PREVIEWS = YES;
				GENERATE_INFOPLIST_FILE = YES;
				INFOPLIST_FILE = Skrbla/Info.plist;
				INFOPLIST_KEY_CFBundleDisplayName = Skrbla;
				INFOPLIST_KEY_LSApplicationCategoryType = "public.app-category.finance";
				INFOPLIST_KEY_NSFaceIDUsageDescription = "plikace používá Face ID pro bezpečné ověření vaší identity při návratu z pozadí.";
				INFOPLIST_KEY_NSMicrophoneUsageDescription = "Aplikace potřebuje přístup k mikrofonu pro rozpoznávání řeči při přidávání transakcí.";
				INFOPLIST_KEY_NSSpeechRecognitionUsageDescription = "Aplikace potřebuje rozpoznávání řeči pro analýzu hlasových příkazů při přidávání transakcí.";
				INFOPLIST_KEY_NSSupportsLiveActivities = YES;
				INFOPLIST_KEY_UIApplicationSceneManifest_Generation = YES;
				INFOPLIST_KEY_UIApplicationSupportsIndirectInputEvents = YES;
				INFOPLIST_KEY_UILaunchScreen_Generation = YES;
				INFOPLIST_KEY_UISupportedInterfaceOrientations_iPad = "UIInterfaceOrientationPortrait UIInterfaceOrientationPortraitUpsideDown UIInterfaceOrientationLandscapeLeft UIInterfaceOrientationLandscapeRight";
				INFOPLIST_KEY_UISupportedInterfaceOrientations_iPhone = "UIInterfaceOrientationPortrait UIInterfaceOrientationLandscapeLeft UIInterfaceOrientationLandscapeRight";
				LD_RUNPATH_SEARCH_PATHS = (
					"$(inherited)",
					"@executable_path/Frameworks",
				);
				MARKETING_VERSION = 0.0.4;
				PRODUCT_BUNDLE_IDENTIFIER = com.hajecek.Skrbla;
				PRODUCT_NAME = "$(TARGET_NAME)";
				PROVISIONING_PROFILE_SPECIFIER = "";
				SWIFT_EMIT_LOC_STRINGS = YES;
				SWIFT_VERSION = 5.0;
				TARGETED_DEVICE_FAMILY = "1,2";
			};
			name = Debug;
		};
		071DF56C2E5D9D0E00927A7B /* Release */ = {
			isa = XCBuildConfiguration;
			buildSettings = {
				ASSETCATALOG_COMPILER_APPICON_NAME = AppIcon;
				ASSETCATALOG_COMPILER_GLOBAL_ACCENT_COLOR_NAME = AccentColor;
				CODE_SIGN_IDENTITY = "Apple Development";
				CODE_SIGN_STYLE = Automatic;
				CURRENT_PROJECT_VERSION = 1;
				DEVELOPMENT_TEAM = W6R3HZD7R4;
				ENABLE_PREVIEWS = YES;
				GENERATE_INFOPLIST_FILE = YES;
				INFOPLIST_FILE = Skrbla/Info.plist;
				INFOPLIST_KEY_CFBundleDisplayName = Skrbla;
				INFOPLIST_KEY_LSApplicationCategoryType = "public.app-category.finance";
				INFOPLIST_KEY_NSFaceIDUsageDescription = "plikace používá Face ID pro bezpečné ověření vaší identity při návratu z pozadí.";
				INFOPLIST_KEY_NSMicrophoneUsageDescription = "Aplikace potřebuje přístup k mikrofonu pro rozpoznávání řeči při přidávání transakcí.";
				INFOPLIST_KEY_NSSpeechRecognitionUsageDescription = "Aplikace potřebuje rozpoznávání řeči pro analýzu hlasových příkazů při přidávání transakcí.";
				INFOPLIST_KEY_NSSupportsLiveActivities = YES;
				INFOPLIST_KEY_UIApplicationSceneManifest_Generation = YES;
				INFOPLIST_KEY_UIApplicationSupportsIndirectInputEvents = YES;
				INFOPLIST_KEY_UILaunchScreen_Generation = YES;
				INFOPLIST_KEY_UISupportedInterfaceOrientations_iPad = "UIInterfaceOrientationPortrait UIInterfaceOrientationPortraitUpsideDown UIInterfaceOrientationLandscapeLeft UIInterfaceOrientationLandscapeRight";
				INFOPLIST_KEY_UISupportedInterfaceOrientations_iPhone = "UIInterfaceOrientationPortrait UIInterfaceOrientationLandscapeLeft UIInterfaceOrientationLandscapeRight";
				LD_RUNPATH_SEARCH_PATHS = (
					"$(inherited)",
					"@executable_path/Frameworks",
				);
				MARKETING_VERSION = 0.0.4;
				PRODUCT_BUNDLE_IDENTIFIER = com.hajecek.Skrbla;
				PRODUCT_NAME = "$(TARGET_NAME)";
				PROVISIONING_PROFILE_SPECIFIER = "";
				SWIFT_EMIT_LOC_STRINGS = YES;
				SWIFT_VERSION = 5.0;
				TARGETED_DEVICE_FAMILY = "1,2";
			};
			name = Release;
		};
		071DF56E2E5D9D0E00927A7B /* Debug */ = {
			isa = XCBuildConfiguration;
			buildSettings = {
				BUNDLE_LOADER = "$(TEST_HOST)";
				CODE_SIGN_STYLE = Automatic;
				CURRENT_PROJECT_VERSION = 1;
				DEVELOPMENT_TEAM = W6R3HZD7R4;
				GENERATE_INFOPLIST_FILE = YES;
				IPHONEOS_DEPLOYMENT_TARGET = 18.5;
				MARKETING_VERSION = 1.0;
				PRODUCT_BUNDLE_IDENTIFIER = com.hajecek.SkrblaTests;
				PRODUCT_NAME = "$(TARGET_NAME)";
				SWIFT_EMIT_LOC_STRINGS = NO;
				SWIFT_VERSION = 5.0;
				TARGETED_DEVICE_FAMILY = "1,2";
				TEST_HOST = "$(BUILT_PRODUCTS_DIR)/Skrbla.app/$(BUNDLE_EXECUTABLE_FOLDER_PATH)/Skrbla";
			};
			name = Debug;
		};
		071DF56F2E5D9D0E00927A7B /* Release */ = {
			isa = XCBuildConfiguration;
			buildSettings = {
				BUNDLE_LOADER = "$(TEST_HOST)";
				CODE_SIGN_STYLE = Automatic;
				CURRENT_PROJECT_VERSION = 1;
				DEVELOPMENT_TEAM = W6R3HZD7R4;
				GENERATE_INFOPLIST_FILE = YES;
				IPHONEOS_DEPLOYMENT_TARGET = 18.5;
				MARKETING_VERSION = 1.0;
				PRODUCT_BUNDLE_IDENTIFIER = com.hajecek.SkrblaTests;
				PRODUCT_NAME = "$(TARGET_NAME)";
				SWIFT_EMIT_LOC_STRINGS = NO;
				SWIFT_VERSION = 5.0;
				TARGETED_DEVICE_FAMILY = "1,2";
				TEST_HOST = "$(BUILT_PRODUCTS_DIR)/Skrbla.app/$(BUNDLE_EXECUTABLE_FOLDER_PATH)/Skrbla";
			};
			name = Release;
		};
		071DF5712E5D9D0E00927A7B /* Debug */ = {
			isa = XCBuildConfiguration;
			buildSettings = {
				CODE_SIGN_STYLE = Automatic;
				CURRENT_PROJECT_VERSION = 1;
				DEVELOPMENT_TEAM = W6R3HZD7R4;
				GENERATE_INFOPLIST_FILE = YES;
				MARKETING_VERSION = 1.0;
				PRODUCT_BUNDLE_IDENTIFIER = com.hajecek.SkrblaUITests;
				PRODUCT_NAME = "$(TARGET_NAME)";
				SWIFT_EMIT_LOC_STRINGS = NO;
				SWIFT_VERSION = 5.0;
				TARGETED_DEVICE_FAMILY = "1,2";
				TEST_TARGET_NAME = Skrbla;
			};
			name = Debug;
		};
		071DF5722E5D9D0E00927A7B /* Release */ = {
			isa = XCBuildConfiguration;
			buildSettings = {
				CODE_SIGN_STYLE = Automatic;
				CURRENT_PROJECT_VERSION = 1;
				DEVELOPMENT_TEAM = W6R3HZD7R4;
				GENERATE_INFOPLIST_FILE = YES;
				MARKETING_VERSION = 1.0;
				PRODUCT_BUNDLE_IDENTIFIER = com.hajecek.SkrblaUITests;
				PRODUCT_NAME = "$(TARGET_NAME)";
				SWIFT_EMIT_LOC_STRINGS = NO;
				SWIFT_VERSION = 5.0;
				TARGETED_DEVICE_FAMILY = "1,2";
				TEST_TARGET_NAME = Skrbla;
			};
			name = Release;
		};
		07906B7A2E723CE500F865B6 /* Debug */ = {
			isa = XCBuildConfiguration;
			buildSettings = {
				ASSETCATALOG_COMPILER_GLOBAL_ACCENT_COLOR_NAME = AccentColor;
				ASSETCATALOG_COMPILER_WIDGET_BACKGROUND_COLOR_NAME = WidgetBackground;
				CODE_SIGN_STYLE = Automatic;
				CURRENT_PROJECT_VERSION = 1;
				DEVELOPMENT_TEAM = W6R3HZD7R4;
				GENERATE_INFOPLIST_FILE = YES;
				INFOPLIST_FILE = SkrblaWidget/Info.plist;
				INFOPLIST_KEY_CFBundleDisplayName = SkrblaWidget;
				INFOPLIST_KEY_NSHumanReadableCopyright = "";
				LD_RUNPATH_SEARCH_PATHS = (
					"$(inherited)",
					"@executable_path/Frameworks",
					"@executable_path/../../Frameworks",
				);
				MARKETING_VERSION = 1.0;
				PRODUCT_BUNDLE_IDENTIFIER = com.hajecek.Skrbla.SkrblaWidget;
				PRODUCT_NAME = "$(TARGET_NAME)";
				SKIP_INSTALL = YES;
				SWIFT_EMIT_LOC_STRINGS = YES;
				SWIFT_VERSION = 5.0;
				TARGETED_DEVICE_FAMILY = "1,2";
			};
			name = Debug;
		};
		07906B7B2E723CE500F865B6 /* Release */ = {
			isa = XCBuildConfiguration;
			buildSettings = {
				ASSETCATALOG_COMPILER_GLOBAL_ACCENT_COLOR_NAME = AccentColor;
				ASSETCATALOG_COMPILER_WIDGET_BACKGROUND_COLOR_NAME = WidgetBackground;
				CODE_SIGN_STYLE = Automatic;
				CURRENT_PROJECT_VERSION = 1;
				DEVELOPMENT_TEAM = W6R3HZD7R4;
				GENERATE_INFOPLIST_FILE = YES;
				INFOPLIST_FILE = SkrblaWidget/Info.plist;
				INFOPLIST_KEY_CFBundleDisplayName = SkrblaWidget;
				INFOPLIST_KEY_NSHumanReadableCopyright = "";
				LD_RUNPATH_SEARCH_PATHS = (
					"$(inherited)",
					"@executable_path/Frameworks",
					"@executable_path/../../Frameworks",
				);
				MARKETING_VERSION = 1.0;
				PRODUCT_BUNDLE_IDENTIFIER = com.hajecek.Skrbla.SkrblaWidget;
				PRODUCT_NAME = "$(TARGET_NAME)";
				SKIP_INSTALL = YES;
				SWIFT_EMIT_LOC_STRINGS = YES;
				SWIFT_VERSION = 5.0;
				TARGETED_DEVICE_FAMILY = "1,2";
			};
			name = Release;
		};
/* End XCBuildConfiguration section */

/* Begin XCConfigurationList section */
		071DF5442E5D9D0D00927A7B /* Build configuration list for PBXProject "Skrbla" */ = {
			isa = XCConfigurationList;
			buildConfigurations = (
				071DF5682E5D9D0E00927A7B /* Debug */,
				071DF5692E5D9D0E00927A7B /* Release */,
			);
			defaultConfigurationIsVisible = 0;
			defaultConfigurationName = Release;
		};
		071DF56A2E5D9D0E00927A7B /* Build configuration list for PBXNativeTarget "Skrbla" */ = {
			isa = XCConfigurationList;
			buildConfigurations = (
				071DF56B2E5D9D0E00927A7B /* Debug */,
				071DF56C2E5D9D0E00927A7B /* Release */,
			);
			defaultConfigurationIsVisible = 0;
			defaultConfigurationName = Release;
		};
		071DF56D2E5D9D0E00927A7B /* Build configuration list for PBXNativeTarget "SkrblaTests" */ = {
			isa = XCConfigurationList;
			buildConfigurations = (
				071DF56E2E5D9D0E00927A7B /* Debug */,
				071DF56F2E5D9D0E00927A7B /* Release */,
			);
			defaultConfigurationIsVisible = 0;
			defaultConfigurationName = Release;
		};
		071DF5702E5D9D0E00927A7B /* Build configuration list for PBXNativeTarget "SkrblaUITests" */ = {
			isa = XCConfigurationList;
			buildConfigurations = (
				071DF5712E5D9D0E00927A7B /* Debug */,
				071DF5722E5D9D0E00927A7B /* Release */,
			);
			defaultConfigurationIsVisible = 0;
			defaultConfigurationName = Release;
		};
		07906B792E723CE500F865B6 /* Build configuration list for PBXNativeTarget "SkrblaWidgetExtension" */ = {
			isa = XCConfigurationList;
			buildConfigurations = (
				07906B7A2E723CE500F865B6 /* Debug */,
				07906B7B2E723CE500F865B6 /* Release */,
			);
			defaultConfigurationIsVisible = 0;
			defaultConfigurationName = Release;
		};
/* End XCConfigurationList section */
	};
	rootObject = 071DF5412E5D9D0D00927A7B /* Project object */;
}
